version = 1
revision = 3
requires-python = ">=3.8"
resolution-markers = [
    "python_full_version >= '3.10'",
    "python_full_version == '3.9.*'",
    "python_full_version < '3.9'",
]

[[package]]
name = "click"
version = "8.1.8"
source = { registry = "https://pypi.org/simple" }
resolution-markers = [
    "python_full_version == '3.9.*'",
    "python_full_version < '3.9'",
]
dependencies = [
    { name = "colorama", marker = "python_full_version < '3.10' and sys_platform == 'win32'" },
]
sdist = { url = "https://files.pythonhosted.org/packages/b9/2e/0090cbf739cee7d23781ad4b89a9894a41538e4fcf4c31dcdd705b78eb8b/click-8.1.8.tar.gz", hash = "sha256:ed53c9d8990d83c2a27deae68e4ee337473f6330c040a31d4225c9574d16096a", size = 226593, upload-time = "2024-12-21T18:38:44.339Z" }
wheels = [
    { url = "https://files.pythonhosted.org/packages/7e/d4/7ebdbd03970677812aac39c869717059dbb71a4cfc033ca6e5221787892c/click-8.1.8-py3-none-any.whl", hash = "sha256:63c132bbbed01578a06712a2d1f497bb62d9c1c0d329b7903a866228027263b2", size = 98188, upload-time = "2024-12-21T18:38:41.666Z" },
]

[[package]]
name = "click"
version = "8.2.2"
source = { registry = "https://pypi.org/simple" }
resolution-markers = [
    "python_full_version >= '3.10'",
]
dependencies = [
    { name = "colorama", marker = "python_full_version >= '3.10' and sys_platform == 'win32'" },
]
sdist = { url = "https://files.pythonhosted.org/packages/e9/87/105111999772ec9730e3d4d910c723ea9763ece2ec441533a5cea1e87e3c/click-8.2.2.tar.gz", hash = "sha256:068616e6ef9705a07b6db727cb9c248f4eb9dae437a30239f56fa94b18b852ef", size = 263977, upload-time = "2025-08-02T02:23:41.102Z" }
wheels = [
    { url = "https://files.pythonhosted.org/packages/ec/85/e7297e34133ae1cfde3bffd30c24e1ef055248251baa877834e048687a28/click-8.2.2-py3-none-any.whl", hash = "sha256:52e1e9f5d3db8c85aa76968c7c67ed41ddbacb167f43201511c8fd61eb5ba2ca", size = 103900, upload-time = "2025-08-02T02:23:39.299Z" },
]

[[package]]
name = "colorama"
version = "0.4.6"
source = { registry = "https://pypi.org/simple" }
sdist = { url = "https://files.pythonhosted.org/packages/d8/53/6f443c9a4a8358a93a6792e2acffb9d9d5cb0a5cfd8802644b7b1c9a02e4/colorama-0.4.6.tar.gz", hash = "sha256:08695f5cb7ed6e0531a20572697297273c47b8cae5a63ffc6d6ed5c201be6e44", size = 27697, upload-time = "2022-10-25T02:36:22.414Z" }
wheels = [
    { url = "https://files.pythonhosted.org/packages/d1/d6/3965ed04c63042e047cb6a3e6ed1a63a35087b6a609aa3a15ed8ac56c221/colorama-0.4.6-py2.py3-none-any.whl", hash = "sha256:4f1d9991f5acc0ca119f9d443620b77f9d6b33703e51011c16baf57afb285fc6", size = 25335, upload-time = "2022-10-25T02:36:20.889Z" },
]

[[package]]
name = "fireball"
version = "0.1.0"
source = { editable = "." }
dependencies = [
    { name = "pyinstrument" },
    { name = "typer" },
]

[package.metadata]
requires-dist = [
    { name = "pyinstrument" },
    { name = "typer" },
]

[[package]]
name = "markdown-it-py"
version = "3.0.0"
source = { registry = "https://pypi.org/simple" }
dependencies = [
    { name = "mdurl" },
]
sdist = { url = "https://files.pythonhosted.org/packages/38/71/3b932df36c1a044d397a1f92d1cf91ee0a503d91e470cbd670aa66b07ed0/markdown-it-py-3.0.0.tar.gz", hash = "sha256:e3f60a94fa066dc52ec76661e37c851cb232d92f9886b15cb560aaada2df8feb", size = 74596, upload-time = "2023-06-03T06:41:14.443Z" }
wheels = [
    { url = "https://files.pythonhosted.org/packages/42/d7/1ec15b46af6af88f19b8e5ffea08fa375d433c998b8a7639e76935c14f1f/markdown_it_py-3.0.0-py3-none-any.whl", hash = "sha256:355216845c60bd96232cd8d8c40e8f9765cc86f46880e43a8fd22dc1a1a8cab1", size = 87528, upload-time = "2023-06-03T06:41:11.019Z" },
]

[[package]]
name = "mdurl"
version = "0.1.2"
source = { registry = "https://pypi.org/simple" }
sdist = { url = "https://files.pythonhosted.org/packages/d6/54/cfe61301667036ec958cb99bd3efefba235e65cdeb9c84d24a8293ba1d90/mdurl-0.1.2.tar.gz", hash = "sha256:bb413d29f5eea38f31dd4754dd7377d4465116fb207585f97bf925588687c1ba", size = 8729, upload-time = "2022-08-14T12:40:10.846Z" }
wheels = [
    { url = "https://files.pythonhosted.org/packages/b3/38/89ba8ad64ae25be8de66a6d463314cf1eb366222074cfda9ee839c56a4b4/mdurl-0.1.2-py3-none-any.whl", hash = "sha256:84008a41e51615a49fc9966191ff91509e3c40b939176e643fd50a5c2196b8f8", size = 9979, upload-time = "2022-08-14T12:40:09.779Z" },
]

[[package]]
name = "pygments"
version = "2.19.2"
source = { registry = "https://pypi.org/simple" }
sdist = { url = "https://files.pythonhosted.org/packages/b0/77/a5b8c569bf593b0140bde72ea885a803b82086995367bf2037de0159d924/pygments-2.19.2.tar.gz", hash = "sha256:636cb2477cec7f8952536970bc533bc43743542f70392ae026374600add5b887", size = 4968631, upload-time = "2025-06-21T13:39:12.283Z" }
wheels = [
    { url = "https://files.pythonhosted.org/packages/c7/21/705964c7812476f378728bdf590ca4b771ec72385c533964653c68e86bdc/pygments-2.19.2-py3-none-any.whl", hash = "sha256:86540386c03d588bb81d44bc3928634ff26449851e99741617ecb9037ee5ec0b", size = 1225217, upload-time = "2025-06-21T13:39:07.939Z" },
]

[[package]]
name = "pyinstrument"
version = "5.0.3"
source = { registry = "https://pypi.org/simple" }
sdist = { url = "https://files.pythonhosted.org/packages/ba/a5/f11adb20528285ab85878f8fe1a22d5759c68c49ad3b545d1c1808ab52da/pyinstrument-5.0.3.tar.gz", hash = "sha256:88281dfe65e5d6b42035bba72808cbcd4cb46cd0a0ba35da23d3e74a41ebdd05", size = 264026, upload-time = "2025-07-02T14:14:03.546Z" }
wheels = [
    { url = "https://files.pythonhosted.org/packages/5f/34/bfe2e0fc21f99063737dce043a02b561021648907ab865afc282c68b45a5/pyinstrument-5.0.3-cp310-cp310-macosx_10_9_universal2.whl", hash = "sha256:b5aaf098234bbb877cbf90978fe7db4fc3e42311715a58e9d0757ddc8673f6aa", size = 129695, upload-time = "2025-07-02T14:12:56.069Z" },
    { url = "https://files.pythonhosted.org/packages/d8/56/5f53c2630d0da5d51f9fc26a9a34d6f03d0ce98efd73562ee46108e88cab/pyinstrument-5.0.3-cp310-cp310-macosx_11_0_arm64.whl", hash = "sha256:9297d078178038a12b9416d285af53525e14368c7f5e40596e8e9f9124f47366", size = 122274, upload-time = "2025-07-02T14:12:57.933Z" },
    { url = "https://files.pythonhosted.org/packages/47/0d/f10bc4e6444b054989bab01a6ab011fda68cf108dd273fea819dc16ac95c/pyinstrument-5.0.3-cp310-cp310-manylinux2014_aarch64.manylinux_2_17_aarch64.manylinux_2_28_aarch64.whl", hash = "sha256:2b98e12a5deb4d854446d605db28ca02803ec7c7f79d6ba58b7fa198ed9bf7f8", size = 146985, upload-time = "2025-07-02T14:12:59.414Z" },
    { url = "https://files.pythonhosted.org/packages/c9/d7/297bb17bc33654c2e0cce69303531c68ee9bca386dc5f98f90f0c67f9cea/pyinstrument-5.0.3-cp310-cp310-manylinux2014_x86_64.manylinux_2_17_x86_64.manylinux_2_28_x86_64.whl", hash = "sha256:81e6ce653de7bf3b085920cc5a6aed432f87a4c00eede37f71a01457a72351a9", size = 145682, upload-time = "2025-07-02T14:13:00.983Z" },
    { url = "https://files.pythonhosted.org/packages/ff/4c/6f2869ce87ba83a208505cc28f61355dceb8a030a604bbab6c3dae094c03/pyinstrument-5.0.3-cp310-cp310-musllinux_1_2_aarch64.whl", hash = "sha256:72ff11e851bdd226928ce4ee8e01b5a90cd53c39c5cec7c5dac225f4bf54b141", size = 145940, upload-time = "2025-07-02T14:13:02.293Z" },
    { url = "https://files.pythonhosted.org/packages/ba/b2/3edc84b48794e5fde4c83403b7c46c4a6bb1a189383b1a0fee1e192916b4/pyinstrument-5.0.3-cp310-cp310-musllinux_1_2_x86_64.whl", hash = "sha256:ed72bd5052fcc0366c3792fdd099eccf88397f5a9e48b04c09a8d2c79aef30e0", size = 145446, upload-time = "2025-07-02T14:13:04.012Z" },
    { url = "https://files.pythonhosted.org/packages/fd/40/f1ed9eb80fa3afb43d89e2de99de51f4b27cf5d58bc1fe4b3c07922fb18a/pyinstrument-5.0.3-cp310-cp310-win32.whl", hash = "sha256:6b57d402d34b5c02c0a2ad808b854565feaa8d6c17631a4fc6014dc755fa6c9a", size = 123490, upload-time = "2025-07-02T14:13:05.144Z" },
    { url = "https://files.pythonhosted.org/packages/d6/76/a3b99d1a4b1cd335b8a25e073e7c56059299666f711577f7ea11cc06cf70/pyinstrument-5.0.3-cp310-cp310-win_amd64.whl", hash = "sha256:338c83e7f33627ac32ec84317aa478e2c85e6ae1f6294cec3927c212137fb13a", size = 124364, upload-time = "2025-07-02T14:13:06.262Z" },
    { url = "https://files.pythonhosted.org/packages/3c/1d/061b0b345517361a2a5d8266a6ed77a44aa38be9b692e34a5ed680745f10/pyinstrument-5.0.3-cp311-cp311-macosx_10_9_universal2.whl", hash = "sha256:e4712e480d2dea9181b8c5a81af3500c6711d018f4e4064cea18285fe6578f61", size = 129447, upload-time = "2025-07-02T14:13:07.75Z" },
    { url = "https://files.pythonhosted.org/packages/b3/a5/94ee6578370932ecb31c6b06e3e4b5161df7f5499b4360e4a43aa2c66f07/pyinstrument-5.0.3-cp311-cp311-macosx_11_0_arm64.whl", hash = "sha256:31faf45a5f1043e850f6902be27ad8460a672dc0d8e74902b85511c562494dbe", size = 122155, upload-time = "2025-07-02T14:13:08.893Z" },
    { url = "https://files.pythonhosted.org/packages/e4/3f/b222c5c68b82c662497880af63b712ad1dfead865411c148cc6fcd18cdd1/pyinstrument-5.0.3-cp311-cp311-manylinux2014_aarch64.manylinux_2_17_aarch64.manylinux_2_28_aarch64.whl", hash = "sha256:961ef61f16f4e65219da2a4ca6e84090a8e7588590b57f6400a2fc1b4cce2673", size = 145443, upload-time = "2025-07-02T14:13:10.105Z" },
    { url = "https://files.pythonhosted.org/packages/12/3c/a9cb109460b0e9a70a39decba9d9f2a1086475b414039dd19f02ff4ca420/pyinstrument-5.0.3-cp311-cp311-manylinux2014_x86_64.manylinux_2_17_x86_64.manylinux_2_28_x86_64.whl", hash = "sha256:fc336cfac38dcba4432af7be3bc3744943c9c489fe2217b226b893b195971598", size = 144130, upload-time = "2025-07-02T14:13:11.344Z" },
    { url = "https://files.pythonhosted.org/packages/04/ad/d61dca0941e7b526cf7028bffb79fc7826e0c8ce9b12046de5ce41bb3bb0/pyinstrument-5.0.3-cp311-cp311-musllinux_1_2_aarch64.whl", hash = "sha256:5e1ceb1fccc5825e601dd0044512daa480396df69ff98b83aee4fe172bc6a015", size = 144600, upload-time = "2025-07-02T14:13:12.476Z" },
    { url = "https://files.pythonhosted.org/packages/bd/3f/f4b0c62191de2b0783d86bdca00f29b835327b1d878673061bc01ba96548/pyinstrument-5.0.3-cp311-cp311-musllinux_1_2_x86_64.whl", hash = "sha256:d0336740e4296004725908e836a2bd533cbaffd8ca538e08e2a61d1c34ded169", size = 143977, upload-time = "2025-07-02T14:13:13.97Z" },
    { url = "https://files.pythonhosted.org/packages/43/9f/139a2292f3a51d86715fe5ab3186ae85babdd8f3e05a9685a396a23e5209/pyinstrument-5.0.3-cp311-cp311-win32.whl", hash = "sha256:a9dced692a030df1144d8b6a58524e28ce9acf5382c21b23eae3a38cbdd74a4a", size = 123473, upload-time = "2025-07-02T14:13:15.122Z" },
    { url = "https://files.pythonhosted.org/packages/db/8a/efd216eb02b77574d24161d57cc2591ddacb292d66b06cc294faef2ac718/pyinstrument-5.0.3-cp311-cp311-win_amd64.whl", hash = "sha256:064f5546354327667cce54a001957797b8a18140e6014aa4bc391baac9947f5b", size = 124262, upload-time = "2025-07-02T14:13:16.609Z" },
    { url = "https://files.pythonhosted.org/packages/d1/68/c7c2429dffc1dceaaa93d003a37fa00beff06285bf0f15551b9a053e2a93/pyinstrument-5.0.3-cp312-cp312-macosx_10_13_universal2.whl", hash = "sha256:c6176f037cb4c673d0f121cb4117b1366aac3d80e451a3d3af84ba2b145194fc", size = 129579, upload-time = "2025-07-02T14:13:17.735Z" },
    { url = "https://files.pythonhosted.org/packages/1e/65/dfcf67493e2513e7541b3e7a9d67741af1fdbb0a9cd621945b83c10a4a4e/pyinstrument-5.0.3-cp312-cp312-macosx_11_0_arm64.whl", hash = "sha256:df8b02262208a1310a11f0c037e4efeb8d628660be60e3c9917d9ff950fa1519", size = 122126, upload-time = "2025-07-02T14:13:18.878Z" },
    { url = "https://files.pythonhosted.org/packages/9c/66/1bfbb59ffeb4864f6d4f8fd701d9986ddbf66aa940cf8459eca6f32864f5/pyinstrument-5.0.3-cp312-cp312-manylinux2014_aarch64.manylinux_2_17_aarch64.manylinux_2_28_aarch64.whl", hash = "sha256:df477beeb37ba35b7d1f3cbefc973d3cc09a9281195ac18d72d4c92f8916c323", size = 146733, upload-time = "2025-07-02T14:13:20.476Z" },
    { url = "https://files.pythonhosted.org/packages/6b/72/4f20451833fb4ad37d6ab5bd076e0e06778315f33f24e2320be283a9ab45/pyinstrument-5.0.3-cp312-cp312-manylinux2014_x86_64.manylinux_2_17_x86_64.manylinux_2_28_x86_64.whl", hash = "sha256:d54799accccb2a8611d0975ff696e20c775af55d4ed2f8e0e07806bb5db5b015", size = 145675, upload-time = "2025-07-02T14:13:21.613Z" },
    { url = "https://files.pythonhosted.org/packages/96/d5/15bf3832ebc3172ebe7b0f29dadeaa65802b511fe95fa1acad0314a7a3dc/pyinstrument-5.0.3-cp312-cp312-musllinux_1_2_aarch64.whl", hash = "sha256:97eaa3bbe181903ccf955ade86d31aca7805d3bc06f5e742d767845005a3ca75", size = 145715, upload-time = "2025-07-02T14:13:22.79Z" },
    { url = "https://files.pythonhosted.org/packages/18/13/b9754a10267573bca108c645dbe1cc5ada3aa0524987ec2bf84fe3a2e30c/pyinstrument-5.0.3-cp312-cp312-musllinux_1_2_x86_64.whl", hash = "sha256:2ecfff795dce1fcbedef4f6a63cd2ae549688fb1b6fbc8fa16d852d70da3da80", size = 145499, upload-time = "2025-07-02T14:13:24.296Z" },
    { url = "https://files.pythonhosted.org/packages/2c/85/aa5bc8ecf93f1fb30a69e90f6c5c53db0e3772b2630f58042fa32aaa27bb/pyinstrument-5.0.3-cp312-cp312-win32.whl", hash = "sha256:9b513ff9960f131bf1ab46034315146b825ccd7d6f84680f2a3642b24abe7f3c", size = 123546, upload-time = "2025-07-02T14:13:25.584Z" },
    { url = "https://files.pythonhosted.org/packages/0c/7f/113b16d55e8d2dd9143628eec39b138fd6c52f72dcd11b4dae4a3845da4d/pyinstrument-5.0.3-cp312-cp312-win_amd64.whl", hash = "sha256:88df7e3ab11604ae7cef1f576c097a08752bf8fc13c5755803bd3cd92f15aba3", size = 124314, upload-time = "2025-07-02T14:13:26.708Z" },
    { url = "https://files.pythonhosted.org/packages/b3/5a/80c94bd2a7344c130c560e2cf23327cab992ac9f237e12556e0d4594d75b/pyinstrument-5.0.3-cp313-cp313-macosx_10_13_universal2.whl", hash = "sha256:aa6eb04572c6cb00c204e7ae287403becca90f3b00b56b43df2d2f81d726ed5b", size = 129584, upload-time = "2025-07-02T14:13:27.845Z" },
    { url = "https://files.pythonhosted.org/packages/9f/3e/0191d18804bda94adc8f111f00fc1eef9752f71028e2900a1a26ccb31098/pyinstrument-5.0.3-cp313-cp313-macosx_11_0_arm64.whl", hash = "sha256:12a71a39b82a49482fd14c2478d04a3ef69bfad393c31ea1fa9d2de3f4d8becd", size = 122124, upload-time = "2025-07-02T14:13:29.025Z" },
    { url = "https://files.pythonhosted.org/packages/b8/84/2fb4bac6921a67793b61212789b276f708edb1bfa4fdc70e47d6565dec4e/pyinstrument-5.0.3-cp313-cp313-manylinux2014_aarch64.manylinux_2_17_aarch64.manylinux_2_28_aarch64.whl", hash = "sha256:bc858887463d12c66ac642b1791c1a3b535ebe0db0bef26901bd6e7210a43cf1", size = 146928, upload-time = "2025-07-02T14:13:30.242Z" },
    { url = "https://files.pythonhosted.org/packages/30/f6/22e85d453315fb679fc7017050f9c5366bd42aa9bab442d5806e08d1789f/pyinstrument-5.0.3-cp313-cp313-manylinux2014_x86_64.manylinux_2_17_x86_64.manylinux_2_28_x86_64.whl", hash = "sha256:861c549be809759f0b236d6e9844a22a91343d952a1e35983ae193863d0ef276", size = 145848, upload-time = "2025-07-02T14:13:31.905Z" },
    { url = "https://files.pythonhosted.org/packages/c5/58/5fbe58383d3a1d3e127161b5095e2a4211a17a3312f021ba1a5c754a686d/pyinstrument-5.0.3-cp313-cp313-musllinux_1_2_aarch64.whl", hash = "sha256:2ec782f1946fe280ca4efa2280b5ad64e318378241421554134adcb4265dc1f8", size = 145850, upload-time = "2025-07-02T14:13:33.414Z" },
    { url = "https://files.pythonhosted.org/packages/4d/06/d7bfa9d8ab9af1fcc028c6cf7cace7ccf53324690094f66217eb286d75cd/pyinstrument-5.0.3-cp313-cp313-musllinux_1_2_x86_64.whl", hash = "sha256:87a558b1f39dc556621ef7e9482c0d2884af7df2aae35b90edad02fe099d28ab", size = 145653, upload-time = "2025-07-02T14:13:34.927Z" },
    { url = "https://files.pythonhosted.org/packages/e7/9b/f6538ec597dcf810e393bd88da314e43e785b10f3fc7cc0756753f298792/pyinstrument-5.0.3-cp313-cp313-win32.whl", hash = "sha256:a71777ae66969a5c1a57ba06e81ac3f19e3234b4de30fea84eb12f0cf29d009e", size = 123551, upload-time = "2025-07-02T14:13:36.205Z" },
    { url = "https://files.pythonhosted.org/packages/20/55/a28db1dd0d29186e389705554a8f81ad5a66a858f13aedc47f815700f879/pyinstrument-5.0.3-cp313-cp313-win_amd64.whl", hash = "sha256:4a385975db0aa52a65fd4c1ea72158af3aaf03d704156551a28d2146bbb107ee", size = 124324, upload-time = "2025-07-02T14:13:37.419Z" },
    { url = "https://files.pythonhosted.org/packages/17/8e/4da52ab91dba703a3c617e64debbd9882c7e2ea68e685e80e98cab22c6aa/pyinstrument-5.0.3-cp38-cp38-macosx_10_9_universal2.whl", hash = "sha256:e0d7786b9656c2deb25db75c3c0eb4288d18a26f55b1e8de34879ad10694a8c7", size = 128766, upload-time = "2025-07-02T14:13:39.136Z" },
    { url = "https://files.pythonhosted.org/packages/cd/80/6e9825acc619db60720a59ed9272818ef95dbfe88a5a7f197e0b7077bced/pyinstrument-5.0.3-cp38-cp38-macosx_11_0_arm64.whl", hash = "sha256:be6056192ef1cf7e90d488d1219dc3f18d8ccdafcd216d106301883fe64c3597", size = 121654, upload-time = "2025-07-02T14:13:41.241Z" },
    { url = "https://files.pythonhosted.org/packages/bf/49/3c9770658cb13e868da54fd86f2b4b5ea1fd256efab734c6005a88ea834e/pyinstrument-5.0.3-cp38-cp38-manylinux2014_aarch64.manylinux_2_17_aarch64.manylinux_2_28_aarch64.whl", hash = "sha256:3a99acf8adf17297d8208a33f62d3cf251a171105919400999671cd2b352ad9d", size = 145806, upload-time = "2025-07-02T14:13:43.191Z" },
    { url = "https://files.pythonhosted.org/packages/ab/f2/ec8b96d7696e27c1383d08c58e66b779662d0825bcca696a56e0c191e2d8/pyinstrument-5.0.3-cp38-cp38-manylinux2014_x86_64.manylinux_2_17_x86_64.manylinux_2_28_x86_64.whl", hash = "sha256:539c266145e6bbeee3b216f57d3c216da20737aeb8cf1fef9c2e5dae6018ea00", size = 144363, upload-time = "2025-07-02T14:13:44.461Z" },
    { url = "https://files.pythonhosted.org/packages/4d/52/8d6ab132e09ad340ec0ea3409043197cdd2d056350800e9c2c7e67e1692d/pyinstrument-5.0.3-cp38-cp38-musllinux_1_2_aarch64.whl", hash = "sha256:c8744d04cdee2b2a3f69613c04729d429cf84f2c1a174f618fe844d5a11c9e40", size = 144237, upload-time = "2025-07-02T14:13:45.943Z" },
    { url = "https://files.pythonhosted.org/packages/34/5a/046b8fd11776435149b577e3ada95e11aadd1fc15ea7707161c1c1b65176/pyinstrument-5.0.3-cp38-cp38-musllinux_1_2_x86_64.whl", hash = "sha256:92a503c56f27641ce07a281068b2d8d77a4efe69e14fe859109b7886b24b3e73", size = 143509, upload-time = "2025-07-02T14:13:47.548Z" },
    { url = "https://files.pythonhosted.org/packages/61/07/31b928193ab6198214fba98bb3cdb4ab0f3cd486edf2137a35553ff038b8/pyinstrument-5.0.3-cp38-cp38-win32.whl", hash = "sha256:842f19848180598dedda57d6ea3d8a7b4e3de53ce78573f8b6411db5ac27449a", size = 123228, upload-time = "2025-07-02T14:13:49.162Z" },
    { url = "https://files.pythonhosted.org/packages/c5/c3/7558b61b94cddd1e9ca1b007091d0d9d90959e2f086a4571bedc99dee1be/pyinstrument-5.0.3-cp38-cp38-win_amd64.whl", hash = "sha256:8288adadfa51d4f57b878910391dd80751a934ca45e52a4c9ad898a11565de03", size = 123928, upload-time = "2025-07-02T14:13:50.382Z" },
    { url = "https://files.pythonhosted.org/packages/6f/ec/c00e4cef7e40ecc17aae20b6ad934312463f49d3ba006370ae28737bf017/pyinstrument-5.0.3-cp39-cp39-macosx_10_9_universal2.whl", hash = "sha256:d5b32915b0bbc2e173e73191491fe02e390f6f15d60310bdcf9bff04ce7e64ff", size = 129689, upload-time = "2025-07-02T14:13:51.515Z" },
    { url = "https://files.pythonhosted.org/packages/e4/7e/66b02776bc8c3e1fe77e1b8361bf7779b63f40d1f10461ce4f04f2b2408a/pyinstrument-5.0.3-cp39-cp39-macosx_11_0_arm64.whl", hash = "sha256:8ed8486f140f26a84f1d9cf3a2ed4a288fa32808c954084e95e4342a2ecf8c6f", size = 122271, upload-time = "2025-07-02T14:13:52.683Z" },
    { url = "https://files.pythonhosted.org/packages/11/4e/9aa9c1665e05723195068cd698f0ef641cf627de2bda97084688fe36b53e/pyinstrument-5.0.3-cp39-cp39-manylinux2014_aarch64.manylinux_2_17_aarch64.manylinux_2_28_aarch64.whl", hash = "sha256:2652f00bdad6f005b7422a5f87aafcc09074d612802e6be009706975f97c7e4b", size = 146606, upload-time = "2025-07-02T14:13:53.872Z" },
    { url = "https://files.pythonhosted.org/packages/b4/9c/63b61343daf6436ba4c18a71050f402db2ec5ec45acf1a2e88f5c0bae337/pyinstrument-5.0.3-cp39-cp39-manylinux2014_x86_64.manylinux_2_17_x86_64.manylinux_2_28_x86_64.whl", hash = "sha256:26851778e4094da89d8d79474b0fc1a4cab046d0beb8e3a2818ec91e7901830b", size = 145334, upload-time = "2025-07-02T14:13:55.116Z" },
    { url = "https://files.pythonhosted.org/packages/90/b2/b593cc937d0e6a76b4089eca8ca0eda74ffa85f29254504932c968773835/pyinstrument-5.0.3-cp39-cp39-musllinux_1_2_aarch64.whl", hash = "sha256:4a09145c8394371185c24a905f76246ba77f9b64a358a609133088247efb0ab0", size = 145624, upload-time = "2025-07-02T14:13:56.325Z" },
    { url = "https://files.pythonhosted.org/packages/99/4f/1333575d5dd60aac2f46341bcee5ee2472a675bf8fc295ef61d2501b5258/pyinstrument-5.0.3-cp39-cp39-musllinux_1_2_x86_64.whl", hash = "sha256:bd47898f00fefce0159728e5439390873a96f3d221127e0ee44eb4c4165b09a9", size = 145153, upload-time = "2025-07-02T14:13:58.81Z" },
    { url = "https://files.pythonhosted.org/packages/2f/00/b271ba7e15839a1499da3da37c2c9abab6b79075f86e623050c9402445fa/pyinstrument-5.0.3-cp39-cp39-win32.whl", hash = "sha256:704d036a5712d8113fde3a88424982e5afef4f8f80483d323ae922d95a869eef", size = 123502, upload-time = "2025-07-02T14:14:00.148Z" },
    { url = "https://files.pythonhosted.org/packages/05/a2/028b71142a915ebc40ca7772337261afdfa4bc3f875059eae6c7d397feca/pyinstrument-5.0.3-cp39-cp39-win_amd64.whl", hash = "sha256:5a7a16a9a60c117f665bab9987f67eda390d3e27d92ba77eff61ef7492f95be7", size = 124375, upload-time = "2025-07-02T14:14:02.333Z" },
]

[[package]]
name = "rich"
version = "14.1.0"
source = { registry = "https://pypi.org/simple" }
dependencies = [
    { name = "markdown-it-py" },
    { name = "pygments" },
]
sdist = { url = "https://files.pythonhosted.org/packages/fe/75/af448d8e52bf1d8fa6a9d089ca6c07ff4453d86c65c145d0a300bb073b9b/rich-14.1.0.tar.gz", hash = "sha256:e497a48b844b0320d45007cdebfeaeed8db2a4f4bcf49f15e455cfc4af11eaa8", size = 224441, upload-time = "2025-07-25T07:32:58.125Z" }
wheels = [
    { url = "https://files.pythonhosted.org/packages/e3/30/3c4d035596d3cf444529e0b2953ad0466f6049528a879d27534700580395/rich-14.1.0-py3-none-any.whl", hash = "sha256:536f5f1785986d6dbdea3c75205c473f970777b4a0d6c6dd1b696aa05a3fa04f", size = 243368, upload-time = "2025-07-25T07:32:56.73Z" },
]

[[package]]
name = "shellingham"
version = "1.5.4"
source = { registry = "https://pypi.org/simple" }
sdist = { url = "https://files.pythonhosted.org/packages/58/15/8b3609fd3830ef7b27b655beb4b4e9c62313a4e8da8c676e142cc210d58e/shellingham-1.5.4.tar.gz", hash = "sha256:8dbca0739d487e5bd35ab3ca4b36e11c4078f3a234bfce294b0a0291363404de", size = 10310, upload-time = "2023-10-24T04:13:40.426Z" }
wheels = [
    { url = "https://files.pythonhosted.org/packages/e0/f9/0595336914c5619e5f28a1fb793285925a8cd4b432c9da0a987836c7f822/shellingham-1.5.4-py2.py3-none-any.whl", hash = "sha256:7ecfff8f2fd72616f7481040475a65b2bf8af90a56c89140852d1120324e8686", size = 9755, upload-time = "2023-10-24T04:13:38.866Z" },
]

[[package]]
name = "typer"
version = "0.16.0"
source = { registry = "https://pypi.org/simple" }
dependencies = [
    { name = "click", version = "8.1.8", source = { registry = "https://pypi.org/simple" }, marker = "python_full_version < '3.10'" },
    { name = "click", version = "8.2.2", source = { registry = "https://pypi.org/simple" }, marker = "python_full_version >= '3.10'" },
    { name = "rich" },
    { name = "shellingham" },
    { name = "typing-extensions", version = "4.13.2", source = { registry = "https://pypi.org/simple" }, marker = "python_full_version < '3.9'" },
    { name = "typing-extensions", version = "4.14.1", source = { registry = "https://pypi.org/simple" }, marker = "python_full_version >= '3.9'" },
]
sdist = { url = "https://files.pythonhosted.org/packages/c5/8c/7d682431efca5fd290017663ea4588bf6f2c6aad085c7f108c5dbc316e70/typer-0.16.0.tar.gz", hash = "sha256:af377ffaee1dbe37ae9440cb4e8f11686ea5ce4e9bae01b84ae7c63b87f1dd3b", size = 102625, upload-time = "2025-05-26T14:30:31.824Z" }
wheels = [
    { url = "https://files.pythonhosted.org/packages/76/42/3efaf858001d2c2913de7f354563e3a3a2f0decae3efe98427125a8f441e/typer-0.16.0-py3-none-any.whl", hash = "sha256:1f79bed11d4d02d4310e3c1b7ba594183bcedb0ac73b27a9e5f28f6fb5b98855", size = 46317, upload-time = "2025-05-26T14:30:30.523Z" },
]

[[package]]
name = "typing-extensions"
version = "4.13.2"
source = { registry = "https://pypi.org/simple" }
resolution-markers = [
    "python_full_version < '3.9'",
]
sdist = { url = "https://files.pythonhosted.org/packages/f6/37/23083fcd6e35492953e8d2aaaa68b860eb422b34627b13f2ce3eb6106061/typing_extensions-4.13.2.tar.gz", hash = "sha256:e6c81219bd689f51865d9e372991c540bda33a0379d5573cddb9a3a23f7caaef", size = 106967, upload-time = "2025-04-10T14:19:05.416Z" }
wheels = [
    { url = "https://files.pythonhosted.org/packages/8b/54/b1ae86c0973cc6f0210b53d508ca3641fb6d0c56823f288d108bc7ab3cc8/typing_extensions-4.13.2-py3-none-any.whl", hash = "sha256:a439e7c04b49fec3e5d3e2beaa21755cadbbdc391694e28ccdd36ca4a1408f8c", size = 45806, upload-time = "2025-04-10T14:19:03.967Z" },
]

[[package]]
name = "typing-extensions"
version = "4.14.1"
source = { registry = "https://pypi.org/simple" }
resolution-markers = [
    "python_full_version >= '3.10'",
    "python_full_version == '3.9.*'",
]
sdist = { url = "https://files.pythonhosted.org/packages/98/5a/da40306b885cc8c09109dc2e1abd358d5684b1425678151cdaed4731c822/typing_extensions-4.14.1.tar.gz", hash = "sha256:38b39f4aeeab64884ce9f74c94263ef78f3c22467c8724005483154c26648d36", size = 107673, upload-time = "2025-07-04T13:28:34.16Z" }
wheels = [
    { url = "https://files.pythonhosted.org/packages/b5/00/d631e67a838026495268c2f6884f3711a15a9a2a96cd244fdaea53b823fb/typing_extensions-4.14.1-py3-none-any.whl", hash = "sha256:d1e1e3b58374dc93031d6eda2420a48ea44a36c2b4766a4fdeb3710755731d76", size = 43906, upload-time = "2025-07-04T13:28:32.743Z" },
]
